// !$*UTF8*$!
{
	archiveVersion = 1;
	classes = {
	};
	objectVersion = 55;
	objects = {

/* Begin PBXBuildFile section */
		58BCFC172891C38D0033BB45 /* SwipeActionApp.swift in Sources */ = {isa = PBXBuildFile; fileRef = 58BCFC162891C38D0033BB45 /* SwipeActionApp.swift */; };
		58BCFC192891C38D0033BB45 /* ContentView.swift in Sources */ = {isa = PBXBuildFile; fileRef = 58BCFC182891C38D0033BB45 /* ContentView.swift */; };
		58BCFC1B2891C38F0033BB45 /* Assets.xcassets in Resources */ = {isa = PBXBuildFile; fileRef = 58BCFC1A2891C38F0033BB45 /* Assets.xcassets */; };
		58BCFC1E2891C38F0033BB45 /* Preview Assets.xcassets in Resources */ = {isa = PBXBuildFile; fileRef = 58BCFC1D2891C38F0033BB45 /* Preview Assets.xcassets */; };
		58BCFC282891C38F0033BB45 /* SwipeActionTests.swift in Sources */ = {isa = PBXBuildFile; fileRef = 58BCFC272891C38F0033BB45 /* SwipeActionTests.swift */; };
		58BCFC322891C38F0033BB45 /* SwipeActionUITests.swift in Sources */ = {isa = PBXBuildFile; fileRef = 58BCFC312891C38F0033BB45 /* SwipeActionUITests.swift */; };
		58BCFC342891C38F0033BB45 /* SwipeActionUITestsLaunchTests.swift in Sources */ = {isa = PBXBuildFile; fileRef = 58BCFC332891C38F0033BB45 /* SwipeActionUITestsLaunchTests.swift */; };
/* End PBXBuildFile section */

/* Begin PBXContainerItemProxy section */
		58BCFC242891C38F0033BB45 /* PBXContainerItemProxy */ = {
			isa = PBXContainerItemProxy;
			containerPortal = 58BCFC0B2891C38D0033BB45 /* Project object */;
			proxyType = 1;
			remoteGlobalIDString = 58BCFC122891C38D0033BB45;
			remoteInfo = SwipeAction;
		};
		58BCFC2E2891C38F0033BB45 /* PBXContainerItemProxy */ = {
			isa = PBXContainerItemProxy;
			containerPortal = 58BCFC0B2891C38D0033BB45 /* Project object */;
			proxyType = 1;
			remoteGlobalIDString = 58BCFC122891C38D0033BB45;
			remoteInfo = SwipeAction;
		};
/* End PBXContainerItemProxy section */

/* Begin PBXFileReference section */
		58BCFC132891C38D0033BB45 /* SwipeAction.app */ = {isa = PBXFileReference; explicitFileType = wrapper.application; includeInIndex = 0; path = SwipeAction.app; sourceTree = BUILT_PRODUCTS_DIR; };
		58BCFC162891C38D0033BB45 /* SwipeActionApp.swift */ = {isa = PBXFileReference; lastKnownFileType = sourcecode.swift; path = SwipeActionApp.swift; sourceTree = "<group>"; };
		58BCFC182891C38D0033BB45 /* ContentView.swift */ = {isa = PBXFileReference; lastKnownFileType = sourcecode.swift; path = ContentView.swift; sourceTree = "<group>"; };
		58BCFC1A2891C38F0033BB45 /* Assets.xcassets */ = {isa = PBXFileReference; lastKnownFileType = folder.assetcatalog; path = Assets.xcassets; sourceTree = "<group>"; };
		58BCFC1D2891C38F0033BB45 /* Preview Assets.xcassets */ = {isa = PBXFileReference; lastKnownFileType = folder.assetcatalog; path = "Preview Assets.xcassets"; sourceTree = "<group>"; };
		58BCFC232891C38F0033BB45 /* SwipeActionTests.xctest */ = {isa = PBXFileReference; explicitFileType = wrapper.cfbundle; includeInIndex = 0; path = SwipeActionTests.xctest; sourceTree = BUILT_PRODUCTS_DIR; };
		58BCFC272891C38F0033BB45 /* SwipeActionTests.swift */ = {isa = PBXFileReference; lastKnownFileType = sourcecode.swift; path = SwipeActionTests.swift; sourceTree = "<group>"; };
		58BCFC2D2891C38F0033BB45 /* SwipeActionUITests.xctest */ = {isa = PBXFileReference; explicitFileType = wrapper.cfbundle; includeInIndex = 0; path = SwipeActionUITests.xctest; sourceTree = BUILT_PRODUCTS_DIR; };
		58BCFC312891C38F0033BB45 /* SwipeActionUITests.swift */ = {isa = PBXFileReference; lastKnownFileType = sourcecode.swift; path = SwipeActionUITests.swift; sourceTree = "<group>"; };
		58BCFC332891C38F0033BB45 /* SwipeActionUITestsLaunchTests.swift */ = {isa = PBXFileReference; lastKnownFileType = sourcecode.swift; path = SwipeActionUITestsLaunchTests.swift; sourceTree = "<group>"; };
/* End PBXFileReference section */

/* Begin PBXFrameworksBuildPhase section */
		58BCFC102891C38D0033BB45 /* Frameworks */ = {
			isa = PBXFrameworksBuildPhase;
			buildActionMask = 2147483647;
			files = (
			);
			runOnlyForDeploymentPostprocessing = 0;
		};
		58BCFC202891C38F0033BB45 /* Frameworks */ = {
			isa = PBXFrameworksBuildPhase;
			buildActionMask = 2147483647;
			files = (
			);
			runOnlyForDeploymentPostprocessing = 0;
		};
		58BCFC2A2891C38F0033BB45 /* Frameworks */ = {
			isa = PBXFrameworksBuildPhase;
			buildActionMask = 2147483647;
			files = (
			);
			runOnlyForDeploymentPostprocessing = 0;
		};
/* End PBXFrameworksBuildPhase section */

/* Begin PBXGroup section */
		58BCFC0A2891C38D0033BB45 = {
			isa = PBXGroup;
			children = (
				58BCFC152891C38D0033BB45 /* SwipeAction */,
				58BCFC262891C38F0033BB45 /* SwipeActionTests */,
				58BCFC302891C38F0033BB45 /* SwipeActionUITests */,
				58BCFC142891C38D0033BB45 /* Products */,
			);
			sourceTree = "<group>";
		};
		58BCFC142891C38D0033BB45 /* Products */ = {
			isa = PBXGroup;
			children = (
				58BCFC132891C38D0033BB45 /* SwipeAction.app */,
				58BCFC232891C38F0033BB45 /* SwipeActionTests.xctest */,
				58BCFC2D2891C38F0033BB45 /* SwipeActionUITests.xctest */,
			);
			name = Products;
			sourceTree = "<group>";
		};
		58BCFC152891C38D0033BB45 /* SwipeAction */ = {
			isa = PBXGroup;
			children = (
				58BCFC162891C38D0033BB45 /* SwipeActionApp.swift */,
				58BCFC182891C38D0033BB45 /* ContentView.swift */,
				58BCFC1A2891C38F0033BB45 /* Assets.xcassets */,
				58BCFC1C2891C38F0033BB45 /* Preview Content */,
			);
			path = SwipeAction;
			sourceTree = "<group>";
		};
		58BCFC1C2891C38F0033BB45 /* Preview Content */ = {
			isa = PBXGroup;
			children = (
				58BCFC1D2891C38F0033BB45 /* Preview Assets.xcassets */,
			);
			path = "Preview Content";
			sourceTree = "<group>";
		};
		58BCFC262891C38F0033BB45 /* SwipeActionTests */ = {
			isa = PBXGroup;
			children = (
				58BCFC272891C38F0033BB45 /* SwipeActionTests.swift */,
			);
			path = SwipeActionTests;
			sourceTree = "<group>";
		};
		58BCFC302891C38F0033BB45 /* SwipeActionUITests */ = {
			isa = PBXGroup;
			children = (
				58BCFC312891C38F0033BB45 /* SwipeActionUITests.swift */,
				58BCFC332891C38F0033BB45 /* SwipeActionUITestsLaunchTests.swift */,
			);
			path = SwipeActionUITests;
			sourceTree = "<group>";
		};
/* End PBXGroup section */

/* Begin PBXNativeTarget section */
		58BCFC122891C38D0033BB45 /* SwipeAction */ = {
			isa = PBXNativeTarget;
			buildConfigurationList = 58BCFC372891C38F0033BB45 /* Build configuration list for PBXNativeTarget "SwipeAction" */;
			buildPhases = (
				58BCFC0F2891C38D0033BB45 /* Sources */,
				58BCFC102891C38D0033BB45 /* Frameworks */,
				58BCFC112891C38D0033BB45 /* Resources */,
			);
			buildRules = (
			);
			dependencies = (
			);
			name = SwipeAction;
			productName = SwipeAction;
			productReference = 58BCFC132891C38D0033BB45 /* SwipeAction.app */;
			productType = "com.apple.product-type.application";
		};
		58BCFC222891C38F0033BB45 /* SwipeActionTests */ = {
			isa = PBXNativeTarget;
			buildConfigurationList = 58BCFC3A2891C38F0033BB45 /* Build configuration list for PBXNativeTarget "SwipeActionTests" */;
			buildPhases = (
				58BCFC1F2891C38F0033BB45 /* Sources */,
				58BCFC202891C38F0033BB45 /* Frameworks */,
				58BCFC212891C38F0033BB45 /* Resources */,
			);
			buildRules = (
			);
			dependencies = (
				58BCFC252891C38F0033BB45 /* PBXTargetDependency */,
			);
			name = SwipeActionTests;
			productName = SwipeActionTests;
			productReference = 58BCFC232891C38F0033BB45 /* SwipeActionTests.xctest */;
			productType = "com.apple.product-type.bundle.unit-test";
		};
		58BCFC2C2891C38F0033BB45 /* SwipeActionUITests */ = {
			isa = PBXNativeTarget;
			buildConfigurationList = 58BCFC3D2891C38F0033BB45 /* Build configuration list for PBXNativeTarget "SwipeActionUITests" */;
			buildPhases = (
				58BCFC292891C38F0033BB45 /* Sources */,
				58BCFC2A2891C38F0033BB45 /* Frameworks */,
				58BCFC2B2891C38F0033BB45 /* Resources */,
			);
			buildRules = (
			);
			dependencies = (
				58BCFC2F2891C38F0033BB45 /* PBXTargetDependency */,
			);
			name = SwipeActionUITests;
			productName = SwipeActionUITests;
			productReference = 58BCFC2D2891C38F0033BB45 /* SwipeActionUITests.xctest */;
			productType = "com.apple.product-type.bundle.ui-testing";
		};
/* End PBXNativeTarget section */

/* Begin PBXProject section */
		58BCFC0B2891C38D0033BB45 /* Project object */ = {
			isa = PBXProject;
			attributes = {
				BuildIndependentTargetsInParallel = 1;
				LastSwiftUpdateCheck = 1340;
				LastUpgradeCheck = 1340;
				TargetAttributes = {
					58BCFC122891C38D0033BB45 = {
						CreatedOnToolsVersion = 13.4.1;
					};
					58BCFC222891C38F0033BB45 = {
						CreatedOnToolsVersion = 13.4.1;
						TestTargetID = 58BCFC122891C38D0033BB45;
					};
					58BCFC2C2891C38F0033BB45 = {
						CreatedOnToolsVersion = 13.4.1;
						TestTargetID = 58BCFC122891C38D0033BB45;
					};
				};
			};
			buildConfigurationList = 58BCFC0E2891C38D0033BB45 /* Build configuration list for PBXProject "SwipeAction" */;
			compatibilityVersion = "Xcode 13.0";
			developmentRegion = en;
			hasScannedForEncodings = 0;
			knownRegions = (
				en,
				Base,
			);
			mainGroup = 58BCFC0A2891C38D0033BB45;
			productRefGroup = 58BCFC142891C38D0033BB45 /* Products */;
			projectDirPath = "";
			projectRoot = "";
			targets = (
				58BCFC122891C38D0033BB45 /* SwipeAction */,
				58BCFC222891C38F0033BB45 /* SwipeActionTests */,
				58BCFC2C2891C38F0033BB45 /* SwipeActionUITests */,
			);
		};
/* End PBXProject section */

/* Begin PBXResourcesBuildPhase section */
		58BCFC112891C38D0033BB45 /* Resources */ = {
			isa = PBXResourcesBuildPhase;
			buildActionMask = 2147483647;
			files = (
				58BCFC1E2891C38F0033BB45 /* Preview Assets.xcassets in Resources */,
				58BCFC1B2891C38F0033BB45 /* Assets.xcassets in Resources */,
			);
			runOnlyForDeploymentPostprocessing = 0;
		};
		58BCFC212891C38F0033BB45 /* Resources */ = {
			isa = PBXResourcesBuildPhase;
			buildActionMask = 2147483647;
			files = (
			);
			runOnlyForDeploymentPostprocessing = 0;
		};
		58BCFC2B2891C38F0033BB45 /* Resources */ = {
			isa = PBXResourcesBuildPhase;
			buildActionMask = 2147483647;
			files = (
			);
			runOnlyForDeploymentPostprocessing = 0;
		};
/* End PBXResourcesBuildPhase section */

/* Begin PBXSourcesBuildPhase section */
		58BCFC0F2891C38D0033BB45 /* Sources */ = {
			isa = PBXSourcesBuildPhase;
			buildActionMask = 2147483647;
			files = (
				58BCFC192891C38D0033BB45 /* ContentView.swift in Sources */,
				58BCFC172891C38D0033BB45 /* SwipeActionApp.swift in Sources */,
			);
			runOnlyForDeploymentPostprocessing = 0;
		};
		58BCFC1F2891C38F0033BB45 /* Sources */ = {
			isa = PBXSourcesBuildPhase;
			buildActionMask = 2147483647;
			files = (
				58BCFC282891C38F0033BB45 /* SwipeActionTests.swift in Sources */,
			);
			runOnlyForDeploymentPostprocessing = 0;
		};
		58BCFC292891C38F0033BB45 /* Sources */ = {
			isa = PBXSourcesBuildPhase;
			buildActionMask = 2147483647;
			files = (
				58BCFC322891C38F0033BB45 /* SwipeActionUITests.swift in Sources */,
				58BCFC342891C38F0033BB45 /* SwipeActionUITestsLaunchTests.swift in Sources */,
			);
			runOnlyForDeploymentPostprocessing = 0;
		};
/* End PBXSourcesBuildPhase section */

/* Begin PBXTargetDependency section */
		58BCFC252891C38F0033BB45 /* PBXTargetDependency */ = {
			isa = PBXTargetDependency;
			target = 58BCFC122891C38D0033BB45 /* SwipeAction */;
			targetProxy = 58BCFC242891C38F0033BB45 /* PBXContainerItemProxy */;
		};
		58BCFC2F2891C38F0033BB45 /* PBXTargetDependency */ = {
			isa = PBXTargetDependency;
			target = 58BCFC122891C38D0033BB45 /* SwipeAction */;
			targetProxy = 58BCFC2E2891C38F0033BB45 /* PBXContainerItemProxy */;
		};
/* End PBXTargetDependency section */

/* Begin XCBuildConfiguration section */
		58BCFC352891C38F0033BB45 /* Debug */ = {
			isa = XCBuildConfiguration;
			buildSettings = {
				ALWAYS_SEARCH_USER_PATHS = NO;
				CLANG_ANALYZER_NONNULL = YES;
				CLANG_ANALYZER_NUMBER_OBJECT_CONVERSION = YES_AGGRESSIVE;
				CLANG_CXX_LANGUAGE_STANDARD = "gnu++17";
				CLANG_ENABLE_MODULES = YES;
				CLANG_ENABLE_OBJC_ARC = YES;
				CLANG_ENABLE_OBJC_WEAK = YES;
				CLANG_WARN_BLOCK_CAPTURE_AUTORELEASING = YES;
				CLANG_WARN_BOOL_CONVERSION = YES;
				CLANG_WARN_COMMA = YES;
				CLANG_WARN_CONSTANT_CONVERSION = YES;
				CLANG_WARN_DEPRECATED_OBJC_IMPLEMENTATIONS = YES;
				CLANG_WARN_DIRECT_OBJC_ISA_USAGE = YES_ERROR;
				CLANG_WARN_DOCUMENTATION_COMMENTS = YES;
				CLANG_WARN_EMPTY_BODY = YES;
				CLANG_WARN_ENUM_CONVERSION = YES;
				CLANG_WARN_INFINITE_RECURSION = YES;
				CLANG_WARN_INT_CONVERSION = YES;
				CLANG_WARN_NON_LITERAL_NULL_CONVERSION = YES;
				CLANG_WARN_OBJC_IMPLICIT_RETAIN_SELF = YES;
				CLANG_WARN_OBJC_LITERAL_CONVERSION = YES;
				CLANG_WARN_OBJC_ROOT_CLASS = YES_ERROR;
				CLANG_WARN_QUOTED_INCLUDE_IN_FRAMEWORK_HEADER = YES;
				CLANG_WARN_RANGE_LOOP_ANALYSIS = YES;
				CLANG_WARN_STRICT_PROTOTYPES = YES;
				CLANG_WARN_SUSPICIOUS_MOVE = YES;
				CLANG_WARN_UNGUARDED_AVAILABILITY = YES_AGGRESSIVE;
				CLANG_WARN_UNREACHABLE_CODE = YES;
				CLANG_WARN__DUPLICATE_METHOD_MATCH = YES;
				COPY_PHASE_STRIP = NO;
				DEBUG_INFORMATION_FORMAT = dwarf;
				ENABLE_STRICT_OBJC_MSGSEND = YES;
				ENABLE_TESTABILITY = YES;
				GCC_C_LANGUAGE_STANDARD = gnu11;
				GCC_DYNAMIC_NO_PIC = NO;
				GCC_NO_COMMON_BLOCKS = YES;
				GCC_OPTIMIZATION_LEVEL = 0;
				GCC_PREPROCESSOR_DEFINITIONS = (
					"DEBUG=1",
					"$(inherited)",
				);
				GCC_WARN_64_TO_32_BIT_CONVERSION = YES;
				GCC_WARN_ABOUT_RETURN_TYPE = YES_ERROR;
				GCC_WARN_UNDECLARED_SELECTOR = YES;
				GCC_WARN_UNINITIALIZED_AUTOS = YES_AGGRESSIVE;
				GCC_WARN_UNUSED_FUNCTION = YES;
				GCC_WARN_UNUSED_VARIABLE = YES;
				IPHONEOS_DEPLOYMENT_TARGET = 15.5;
				MTL_ENABLE_DEBUG_INFO = INCLUDE_SOURCE;
				MTL_FAST_MATH = YES;
				ONLY_ACTIVE_ARCH = YES;
				SDKROOT = iphoneos;
				SWIFT_ACTIVE_COMPILATION_CONDITIONS = DEBUG;
				SWIFT_OPTIMIZATION_LEVEL = "-Onone";
			};
			name = Debug;
		};
		58BCFC362891C38F0033BB45 /* Release */ = {
			isa = XCBuildConfiguration;
			buildSettings = {
				ALWAYS_SEARCH_USER_PATHS = NO;
				CLANG_ANALYZER_NONNULL = YES;
				CLANG_ANALYZER_NUMBER_OBJECT_CONVERSION = YES_AGGRESSIVE;
				CLANG_CXX_LANGUAGE_STANDARD = "gnu++17";
				CLANG_ENABLE_MODULES = YES;
				CLANG_ENABLE_OBJC_ARC = YES;
				CLANG_ENABLE_OBJC_WEAK = YES;
				CLANG_WARN_BLOCK_CAPTURE_AUTORELEASING = YES;
				CLANG_WARN_BOOL_CONVERSION = YES;
				CLANG_WARN_COMMA = YES;
				CLANG_WARN_CONSTANT_CONVERSION = YES;
				CLANG_WARN_DEPRECATED_OBJC_IMPLEMENTATIONS = YES;
				CLANG_WARN_DIRECT_OBJC_ISA_USAGE = YES_ERROR;
				CLANG_WARN_DOCUMENTATION_COMMENTS = YES;
				CLANG_WARN_EMPTY_BODY = YES;
				CLANG_WARN_ENUM_CONVERSION = YES;
				CLANG_WARN_INFINITE_RECURSION = YES;
				CLANG_WARN_INT_CONVERSION = YES;
				CLANG_WARN_NON_LITERAL_NULL_CONVERSION = YES;
				CLANG_WARN_OBJC_IMPLICIT_RETAIN_SELF = YES;
				CLANG_WARN_OBJC_LITERAL_CONVERSION = YES;
				CLANG_WARN_OBJC_ROOT_CLASS = YES_ERROR;
				CLANG_WARN_QUOTED_INCLUDE_IN_FRAMEWORK_HEADER = YES;
				CLANG_WARN_RANGE_LOOP_ANALYSIS = YES;
				CLANG_WARN_STRICT_PROTOTYPES = YES;
				CLANG_WARN_SUSPICIOUS_MOVE = YES;
				CLANG_WARN_UNGUARDED_AVAILABILITY = YES_AGGRESSIVE;
				CLANG_WARN_UNREACHABLE_CODE = YES;
				CLANG_WARN__DUPLICATE_METHOD_MATCH = YES;
				COPY_PHASE_STRIP = NO;
				DEBUG_INFORMATION_FORMAT = "dwarf-with-dsym";
				ENABLE_NS_ASSERTIONS = NO;
				ENABLE_STRICT_OBJC_MSGSEND = YES;
				GCC_C_LANGUAGE_STANDARD = gnu11;
				GCC_NO_COMMON_BLOCKS = YES;
				GCC_WARN_64_TO_32_BIT_CONVERSION = YES;
				GCC_WARN_ABOUT_RETURN_TYPE = YES_ERROR;
				GCC_WARN_UNDECLARED_SELECTOR = YES;
				GCC_WARN_UNINITIALIZED_AUTOS = YES_AGGRESSIVE;
				GCC_WARN_UNUSED_FUNCTION = YES;
				GCC_WARN_UNUSED_VARIABLE = YES;
				IPHONEOS_DEPLOYMENT_TARGET = 15.5;
				MTL_ENABLE_DEBUG_INFO = NO;
				MTL_FAST_MATH = YES;
				SDKROOT = iphoneos;
				SWIFT_COMPILATION_MODE = wholemodule;
				SWIFT_OPTIMIZATION_LEVEL = "-O";
				VALIDATE_PRODUCT = YES;
			};
			name = Release;
		};
		58BCFC382891C38F0033BB45 /* Debug */ = {
			isa = XCBuildConfiguration;
			buildSettings = {
				ASSETCATALOG_COMPILER_APPICON_NAME = AppIcon;
				ASSETCATALOG_COMPILER_GLOBAL_ACCENT_COLOR_NAME = AccentColor;
				CODE_SIGN_STYLE = Automatic;
				CURRENT_PROJECT_VERSION = 1;
				DEVELOPMENT_ASSET_PATHS = "\"SwipeAction/Preview Content\"";
				ENABLE_PREVIEWS = YES;
				GENERATE_INFOPLIST_FILE = YES;
				INFOPLIST_KEY_UIApplicationSceneManifest_Generation = YES;
				INFOPLIST_KEY_UIApplicationSupportsIndirectInputEvents = YES;
				INFOPLIST_KEY_UILaunchScreen_Generation = YES;
				INFOPLIST_KEY_UISupportedInterfaceOrientations_iPad = "UIInterfaceOrientationPortrait UIInterfaceOrientationPortraitUpsideDown UIInterfaceOrientationLandscapeLeft UIInterfaceOrientationLandscapeRight";
				INFOPLIST_KEY_UISupportedInterfaceOrientations_iPhone = "UIInterfaceOrientationPortrait UIInterfaceOrientationLandscapeLeft UIInterfaceOrientationLandscapeRight";
				LD_RUNPATH_SEARCH_PATHS = (
					"$(inherited)",
					"@executable_path/Frameworks",
				);
				MARKETING_VERSION = 1.0;
				PRODUCT_BUNDLE_IDENTIFIER = com.marvinmessenzehl.SwipeAction;
				PRODUCT_NAME = "$(TARGET_NAME)";
				SWIFT_EMIT_LOC_STRINGS = YES;
				SWIFT_VERSION = 5.0;
				TARGETED_DEVICE_FAMILY = "1,2";
			};
			name = Debug;
		};
		58BCFC392891C38F0033BB45 /* Release */ = {
			isa = XCBuildConfiguration;
			buildSettings = {
				ASSETCATALOG_COMPILER_APPICON_NAME = AppIcon;
				ASSETCATALOG_COMPILER_GLOBAL_ACCENT_COLOR_NAME = AccentColor;
				CODE_SIGN_STYLE = Automatic;
				CURRENT_PROJECT_VERSION = 1;
				DEVELOPMENT_ASSET_PATHS = "\"SwipeAction/Preview Content\"";
				ENABLE_PREVIEWS = YES;
				GENERATE_INFOPLIST_FILE = YES;
				INFOPLIST_KEY_UIApplicationSceneManifest_Generation = YES;
				INFOPLIST_KEY_UIApplicationSupportsIndirectInputEvents = YES;
				INFOPLIST_KEY_UILaunchScreen_Generation = YES;
				INFOPLIST_KEY_UISupportedInterfaceOrientations_iPad = "UIInterfaceOrientationPortrait UIInterfaceOrientationPortraitUpsideDown UIInterfaceOrientationLandscapeLeft UIInterfaceOrientationLandscapeRight";
				INFOPLIST_KEY_UISupportedInterfaceOrientations_iPhone = "UIInterfaceOrientationPortrait UIInterfaceOrientationLandscapeLeft UIInterfaceOrientationLandscapeRight";
				LD_RUNPATH_SEARCH_PATHS = (
					"$(inherited)",
					"@executable_path/Frameworks",
				);
				MARKETING_VERSION = 1.0;
				PRODUCT_BUNDLE_IDENTIFIER = com.marvinmessenzehl.SwipeAction;
				PRODUCT_NAME = "$(TARGET_NAME)";
				SWIFT_EMIT_LOC_STRINGS = YES;
				SWIFT_VERSION = 5.0;
				TARGETED_DEVICE_FAMILY = "1,2";
			};
			name = Release;
		};
		58BCFC3B2891C38F0033BB45 /* Debug */ = {
			isa = XCBuildConfiguration;
			buildSettings = {
				ALWAYS_EMBED_SWIFT_STANDARD_LIBRARIES = YES;
				BUNDLE_LOADER = "$(TEST_HOST)";
				CODE_SIGN_STYLE = Automatic;
				CURRENT_PROJECT_VERSION = 1;
				GENERATE_INFOPLIST_FILE = YES;
				IPHONEOS_DEPLOYMENT_TARGET = 15.5;
				MARKETING_VERSION = 1.0;
				PRODUCT_BUNDLE_IDENTIFIER = com.marvinmessenzehl.SwipeActionTests;
				PRODUCT_NAME = "$(TARGET_NAME)";
				SWIFT_EMIT_LOC_STRINGS = NO;
				SWIFT_VERSION = 5.0;
				TARGETED_DEVICE_FAMILY = "1,2";
				TEST_HOST = "$(BUILT_PRODUCTS_DIR)/SwipeAction.app/SwipeAction";
			};
			name = Debug;
		};
		58BCFC3C2891C38F0033BB45 /* Release */ = {
			isa = XCBuildConfiguration;
			buildSettings = {
				ALWAYS_EMBED_SWIFT_STANDARD_LIBRARIES = YES;
				BUNDLE_LOADER = "$(TEST_HOST)";
				CODE_SIGN_STYLE = Automatic;
				CURRENT_PROJECT_VERSION = 1;
				GENERATE_INFOPLIST_FILE = YES;
				IPHONEOS_DEPLOYMENT_TARGET = 15.5;
				MARKETING_VERSION = 1.0;
				PRODUCT_BUNDLE_IDENTIFIER = com.marvinmessenzehl.SwipeActionTests;
				PRODUCT_NAME = "$(TARGET_NAME)";
				SWIFT_EMIT_LOC_STRINGS = NO;
				SWIFT_VERSION = 5.0;
				TARGETED_DEVICE_FAMILY = "1,2";
				TEST_HOST = "$(BUILT_PRODUCTS_DIR)/SwipeAction.app/SwipeAction";
			};
			name = Release;
		};
		58BCFC3E2891C38F0033BB45 /* Debug */ = {
			isa = XCBuildConfiguration;
			buildSettings = {
				ALWAYS_EMBED_SWIFT_STANDARD_LIBRARIES = YES;
				CODE_SIGN_STYLE = Automatic;
				CURRENT_PROJECT_VERSION = 1;
				GENERATE_INFOPLIST_FILE = YES;
				MARKETING_VERSION = 1.0;
				PRODUCT_BUNDLE_IDENTIFIER = com.marvinmessenzehl.SwipeActionUITests;
				PRODUCT_NAME = "$(TARGET_NAME)";
				SWIFT_EMIT_LOC_STRINGS = NO;
				SWIFT_VERSION = 5.0;
				TARGETED_DEVICE_FAMILY = "1,2";
				TEST_TARGET_NAME = SwipeAction;
			};
			name = Debug;
		};
		58BCFC3F2891C38F0033BB45 /* Release */ = {
			isa = XCBuildConfiguration;
			buildSettings = {
				ALWAYS_EMBED_SWIFT_STANDARD_LIBRARIES = YES;
				CODE_SIGN_STYLE = Automatic;
				CURRENT_PROJECT_VERSION = 1;
				GENERATE_INFOPLIST_FILE = YES;
				MARKETING_VERSION = 1.0;
				PRODUCT_BUNDLE_IDENTIFIER = com.marvinmessenzehl.SwipeActionUITests;
				PRODUCT_NAME = "$(TARGET_NAME)";
				SWIFT_EMIT_LOC_STRINGS = NO;
				SWIFT_VERSION = 5.0;
				TARGETED_DEVICE_FAMILY = "1,2";
				TEST_TARGET_NAME = SwipeAction;
			};
			name = Release;
		};
/* End XCBuildConfiguration section */

/* Begin XCConfigurationList section */
		58BCFC0E2891C38D0033BB45 /* Build configuration list for PBXProject "SwipeAction" */ = {
			isa = XCConfigurationList;
			buildConfigurations = (
				58BCFC352891C38F0033BB45 /* Debug */,
				58BCFC362891C38F0033BB45 /* Release */,
			);
			defaultConfigurationIsVisible = 0;
			defaultConfigurationName = Release;
		};
		58BCFC372891C38F0033BB45 /* Build configuration list for PBXNativeTarget "SwipeAction" */ = {
			isa = XCConfigurationList;
			buildConfigurations = (
				58BCFC382891C38F0033BB45 /* Debug */,
				58BCFC392891C38F0033BB45 /* Release */,
			);
			defaultConfigurationIsVisible = 0;
			defaultConfigurationName = Release;
		};
		58BCFC3A2891C38F0033BB45 /* Build configuration list for PBXNativeTarget "SwipeActionTests" */ = {
			isa = XCConfigurationList;
			buildConfigurations = (
				58BCFC3B2891C38F0033BB45 /* Debug */,
				58BCFC3C2891C38F0033BB45 /* Release */,
			);
			defaultConfigurationIsVisible = 0;
			defaultConfigurationName = Release;
		};
		58BCFC3D2891C38F0033BB45 /* Build configuration list for PBXNativeTarget "SwipeActionUITests" */ = {
			isa = XCConfigurationList;
			buildConfigurations = (
				58BCFC3E2891C38F0033BB45 /* Debug */,
				58BCFC3F2891C38F0033BB45 /* Release */,
			);
			defaultConfigurationIsVisible = 0;
			defaultConfigurationName = Release;
		};
/* End XCConfigurationList section */
	};
	rootObject = 58BCFC0B2891C38D0033BB45 /* Project object */;
}
